
Microsoft Visual Studio Solution File, Format Version 12.00
# Visual Studio Version 17
VisualStudioVersion = 17.9.34622.214
MinimumVisualStudioVersion = 10.0.40219.1
Project("{FAE04EC0-301F-11D3-BF4B-00C04F79EFBC}") = "FibonachiGui", "FibonachiGui.csproj", "{37118850-4E27-4DC5-BD02-10542F94979C}"
EndProject
Global
	GlobalSection(SolutionConfigurationPlatforms) = preSolution
		Debug|Any CPU = Debug|Any CPU
		Release|Any CPU = Release|Any CPU
	EndGlobalSection
	GlobalSection(ProjectConfigurationPlatforms) = postSolution
		{37118850-4E27-4DC5-BD02-10542F94979C}.Debug|Any CPU.ActiveCfg = Debug|Any CPU
		{37118850-4E27-4DC5-BD02-10542F94979C}.Debug|Any CPU.Build.0 = Debug|Any CPU
		{37118850-4E27-4DC5-BD02-10542F94979C}.Release|Any CPU.ActiveCfg = Release|Any CPU
		{37118850-4E27-4DC5-BD02-10542F94979C}.Release|Any CPU.Build.0 = Release|Any CPU
	EndGlobalSection
	GlobalSection(SolutionProperties) = preSolution
		HideSolutionNode = FALSE
	EndGlobalSection
	GlobalSection(ExtensibilityGlobals) = postSolution
		SolutionGuid = {DC86E5DD-CB55-4BDF-831C-847465738BD9}
	EndGlobalSection
EndGlobal
